
Microsoft Visual Studio Solution File, Format Version 12.00
# Visual Studio Version 16
VisualStudioVersion = 16.0.30104.148
MinimumVisualStudioVersion = 10.0.40219.1
Project("{FAE04EC0-301F-11D3-BF4B-00C04F79EFBC}") = "Android Music App.Android", "Android Music App\Android Music App.Android\Android Music App.Android.csproj", "{84A94240-8497-49D3-A3BA-FD5F572581F8}"
EndProject
Project("{9A19103F-16F7-4668-BE54-9A1E7A4F7556}") = "Android Music App", "Android Music App\Android Music App\Android Music App.csproj", "{9F8AFAE1-644E-41C3-801E-950920721FBC}"
EndProject
Global
	GlobalSection(SolutionConfigurationPlatforms) = preSolution
		Debug|Any CPU = Debug|Any CPU
		Release|Any CPU = Release|Any CPU
	EndGlobalSection
	GlobalSection(ProjectConfigurationPlatforms) = postSolution
		{84A94240-8497-49D3-A3BA-FD5F572581F8}.Debug|Any CPU.ActiveCfg = Debug|Any CPU
		{84A94240-8497-49D3-A3BA-FD5F572581F8}.Debug|Any CPU.Build.0 = Debug|Any CPU
		{84A94240-8497-49D3-A3BA-FD5F572581F8}.Debug|Any CPU.Deploy.0 = Debug|Any CPU
		{84A94240-8497-49D3-A3BA-FD5F572581F8}.Release|Any CPU.ActiveCfg = Release|Any CPU
		{84A94240-8497-49D3-A3BA-FD5F572581F8}.Release|Any CPU.Build.0 = Release|Any CPU
		{84A94240-8497-49D3-A3BA-FD5F572581F8}.Release|Any CPU.Deploy.0 = Release|Any CPU
		{9F8AFAE1-644E-41C3-801E-950920721FBC}.Debug|Any CPU.ActiveCfg = Debug|Any CPU
		{9F8AFAE1-644E-41C3-801E-950920721FBC}.Debug|Any CPU.Build.0 = Debug|Any CPU
		{9F8AFAE1-644E-41C3-801E-950920721FBC}.Release|Any CPU.ActiveCfg = Release|Any CPU
		{9F8AFAE1-644E-41C3-801E-950920721FBC}.Release|Any CPU.Build.0 = Release|Any CPU
	EndGlobalSection
	GlobalSection(SolutionProperties) = preSolution
		HideSolutionNode = FALSE
	EndGlobalSection
	GlobalSection(ExtensibilityGlobals) = postSolution
		SolutionGuid = {18CCC3C6-CCF9-4CFA-BBBA-E6329FF81DB6}
	EndGlobalSection
EndGlobal
